
Microsoft Visual Studio Solution File, Format Version 12.00
# Visual Studio Version 16
VisualStudioVersion = 16.0.31729.503
MinimumVisualStudioVersion = 10.0.40219.1
Project("{FAE04EC0-301F-11D3-BF4B-00C04F79EFBC}") = "chatApp", "chatApp\chatApp.csproj", "{86784D97-F677-4619-B4BE-DB7BEC5EFB2A}"
EndProject
Project("{FAE04EC0-301F-11D3-BF4B-00C04F79EFBC}") = "chatServer", "chatServer\chatServer.csproj", "{B2E59056-58B1-4D9F-A659-6CFB43AF2931}"
EndProject
Global
	GlobalSection(SolutionConfigurationPlatforms) = preSolution
		Debug|Any CPU = Debug|Any CPU
		Release|Any CPU = Release|Any CPU
	EndGlobalSection
	GlobalSection(ProjectConfigurationPlatforms) = postSolution
		{86784D97-F677-4619-B4BE-DB7BEC5EFB2A}.Debug|Any CPU.ActiveCfg = Debug|Any CPU
		{86784D97-F677-4619-B4BE-DB7BEC5EFB2A}.Debug|Any CPU.Build.0 = Debug|Any CPU
		{86784D97-F677-4619-B4BE-DB7BEC5EFB2A}.Release|Any CPU.ActiveCfg = Release|Any CPU
		{86784D97-F677-4619-B4BE-DB7BEC5EFB2A}.Release|Any CPU.Build.0 = Release|Any CPU
		{B2E59056-58B1-4D9F-A659-6CFB43AF2931}.Debug|Any CPU.ActiveCfg = Debug|Any CPU
		{B2E59056-58B1-4D9F-A659-6CFB43AF2931}.Debug|Any CPU.Build.0 = Debug|Any CPU
		{B2E59056-58B1-4D9F-A659-6CFB43AF2931}.Release|Any CPU.ActiveCfg = Release|Any CPU
		{B2E59056-58B1-4D9F-A659-6CFB43AF2931}.Release|Any CPU.Build.0 = Release|Any CPU
	EndGlobalSection
	GlobalSection(SolutionProperties) = preSolution
		HideSolutionNode = FALSE
	EndGlobalSection
	GlobalSection(ExtensibilityGlobals) = postSolution
		SolutionGuid = {22676528-71EC-4C63-898C-18561099E8CB}
	EndGlobalSection
EndGlobal
